
Microsoft Visual Studio Solution File, Format Version 12.00
# Visual Studio 14
VisualStudioVersion = 14.0.25420.1
MinimumVisualStudioVersion = 10.0.40219.1
Project("{8BC9CEB8-8B4A-11D0-8D11-00A0C91BC942}") = "Demo_Project", "Demo_Project\Demo_Project.vcxproj", "{ACE52162-01B7-4273-9E7C-2AB643BF1ED9}"
EndProject
Project("{8BC9CEB8-8B4A-11D0-8D11-00A0C91BC942}") = "DLL", "DLL\DLL.vcxproj", "{7A663F0D-E74C-4760-A5B0-0323A7260FE4}"
EndProject
Global
	GlobalSection(SolutionConfigurationPlatforms) = preSolution
		Debug|x64 = Debug|x64
		Debug|x86 = Debug|x86
		Release|x64 = Release|x64
		Release|x86 = Release|x86
	EndGlobalSection
	GlobalSection(ProjectConfigurationPlatforms) = postSolution
		{ACE52162-01B7-4273-9E7C-2AB643BF1ED9}.Debug|x64.ActiveCfg = Debug|x64
		{ACE52162-01B7-4273-9E7C-2AB643BF1ED9}.Debug|x64.Build.0 = Debug|x64
		{ACE52162-01B7-4273-9E7C-2AB643BF1ED9}.Debug|x86.ActiveCfg = Debug|Win32
		{ACE52162-01B7-4273-9E7C-2AB643BF1ED9}.Debug|x86.Build.0 = Debug|Win32
		{ACE52162-01B7-4273-9E7C-2AB643BF1ED9}.Release|x64.ActiveCfg = Release|x64
		{ACE52162-01B7-4273-9E7C-2AB643BF1ED9}.Release|x64.Build.0 = Release|x64
		{ACE52162-01B7-4273-9E7C-2AB643BF1ED9}.Release|x86.ActiveCfg = Release|Win32
		{ACE52162-01B7-4273-9E7C-2AB643BF1ED9}.Release|x86.Build.0 = Release|Win32
		{7A663F0D-E74C-4760-A5B0-0323A7260FE4}.Debug|x64.ActiveCfg = Debug|x64
		{7A663F0D-E74C-4760-A5B0-0323A7260FE4}.Debug|x64.Build.0 = Debug|x64
		{7A663F0D-E74C-4760-A5B0-0323A7260FE4}.Debug|x86.ActiveCfg = Debug|Win32
		{7A663F0D-E74C-4760-A5B0-0323A7260FE4}.Debug|x86.Build.0 = Debug|Win32
		{7A663F0D-E74C-4760-A5B0-0323A7260FE4}.Release|x64.ActiveCfg = Release|x64
		{7A663F0D-E74C-4760-A5B0-0323A7260FE4}.Release|x64.Build.0 = Release|x64
		{7A663F0D-E74C-4760-A5B0-0323A7260FE4}.Release|x86.ActiveCfg = Release|Win32
		{7A663F0D-E74C-4760-A5B0-0323A7260FE4}.Release|x86.Build.0 = Release|Win32
	EndGlobalSection
	GlobalSection(SolutionProperties) = preSolution
		HideSolutionNode = FALSE
	EndGlobalSection
EndGlobal
